
Microsoft Visual Studio Solution File, Format Version 12.00
# Visual Studio Version 16
VisualStudioVersion = 16.0.32413.511
MinimumVisualStudioVersion = 10.0.40219.1
Project("{FAE04EC0-301F-11D3-BF4B-00C04F79EFBC}") = "MyCafeBiller", "MyCafeBiller.csproj", "{B9416804-C3C9-4506-97BD-83678F5A7305}"
EndProject
Global
	GlobalSection(SolutionConfigurationPlatforms) = preSolution
		Debug|Any CPU = Debug|Any CPU
		Release|Any CPU = Release|Any CPU
	EndGlobalSection
	GlobalSection(ProjectConfigurationPlatforms) = postSolution
		{B9416804-C3C9-4506-97BD-83678F5A7305}.Debug|Any CPU.ActiveCfg = Debug|Any CPU
		{B9416804-C3C9-4506-97BD-83678F5A7305}.Debug|Any CPU.Build.0 = Debug|Any CPU
		{B9416804-C3C9-4506-97BD-83678F5A7305}.Release|Any CPU.ActiveCfg = Release|Any CPU
		{B9416804-C3C9-4506-97BD-83678F5A7305}.Release|Any CPU.Build.0 = Release|Any CPU
	EndGlobalSection
	GlobalSection(SolutionProperties) = preSolution
		HideSolutionNode = FALSE
	EndGlobalSection
	GlobalSection(ExtensibilityGlobals) = postSolution
		SolutionGuid = {87B39BFD-F653-495F-894E-22DD214CE634}
	EndGlobalSection
EndGlobal
